
Microsoft Visual Studio Solution File, Format Version 12.00
# Visual Studio Version 16
VisualStudioVersion = 16.0.30717.126
MinimumVisualStudioVersion = 10.0.40219.1
Project("{2150E333-8FDC-42A3-9474-1A3956D46DE8}") = "0.Database", "0.Database", "{CA9F98F8-6698-4DDD-ABD6-72DBD703B652}"
EndProject
Project("{2150E333-8FDC-42A3-9474-1A3956D46DE8}") = "1.Infra", "1.Infra", "{18D5E311-D696-46FD-A493-1568531AF32A}"
EndProject
Project("{2150E333-8FDC-42A3-9474-1A3956D46DE8}") = "2.Domain", "2.Domain", "{1489BC80-7725-4C9F-82E1-F925A7C47C02}"
EndProject
Project("{2150E333-8FDC-42A3-9474-1A3956D46DE8}") = "3.Application", "3.Application", "{0631494D-D5A9-4BC8-87D6-CEE688D5FAB1}"
EndProject
Project("{2150E333-8FDC-42A3-9474-1A3956D46DE8}") = "4.Service", "4.Service", "{7F5A353C-CC84-4518-AAA9-AF9C8D85772C}"
EndProject
Project("{2150E333-8FDC-42A3-9474-1A3956D46DE8}") = "1.1.CrossCutting", "1.1.CrossCutting", "{F22012FA-63CC-424D-943C-B38402C5CB17}"
EndProject
Project("{9A19103F-16F7-4668-BE54-9A1E7A4F7556}") = "ProtoWeb.Infra.CrossCutting", "ProtoWeb.Infra.CrossCutting\ProtoWeb.Infra.CrossCutting.csproj", "{4328C11E-758A-4A24-936A-E5D9C76FF80C}"
EndProject
Project("{9A19103F-16F7-4668-BE54-9A1E7A4F7556}") = "ProtoWeb.Infra.CrossCutting.Net", "ProtoWeb.Infra.CrossCutting.Net\ProtoWeb.Infra.CrossCutting.Net.csproj", "{7D87EFF9-2001-4E66-B04C-B183E82DBEA5}"
EndProject
Project("{2150E333-8FDC-42A3-9474-1A3956D46DE8}") = "1.2.Data", "1.2.Data", "{66FA7028-789F-4E27-B9AB-037225520954}"
EndProject
Project("{9A19103F-16F7-4668-BE54-9A1E7A4F7556}") = "ProtoWeb.Infra.Data.Agent", "ProtoWeb.Infra.Data.Agent\ProtoWeb.Infra.Data.Agent.csproj", "{DD384F3D-9CF7-49FF-8159-D4BAE479C4B7}"
EndProject
Project("{9A19103F-16F7-4668-BE54-9A1E7A4F7556}") = "ProtoWeb.Infra.Data.Core", "ProtoWeb.Infra.Data.Core\ProtoWeb.Infra.Data.Core.csproj", "{A163D3F3-F2E8-409F-9461-712F72F278B2}"
EndProject
Project("{9A19103F-16F7-4668-BE54-9A1E7A4F7556}") = "ProtoWeb.Infra.Data.MainContext", "ProtoWeb.Infra.Data.MainContext\ProtoWeb.Infra.Data.MainContext.csproj", "{67B59189-34E0-4F63-9100-30009FAE7570}"
EndProject
Project("{9A19103F-16F7-4668-BE54-9A1E7A4F7556}") = "ProtoWeb.Domain.Core", "ProtoWeb.Domain.Core\ProtoWeb.Domain.Core.csproj", "{CE8BD161-D4D0-4179-9BCA-441DCF4CF2B2}"
EndProject
Project("{9A19103F-16F7-4668-BE54-9A1E7A4F7556}") = "ProtoWeb.Domain.MainContext", "ProtoWeb.Domain.MainContext\ProtoWeb.Domain.MainContext.csproj", "{CC750B46-E67E-494D-B279-79464264D8BD}"
EndProject
Project("{9A19103F-16F7-4668-BE54-9A1E7A4F7556}") = "ProtoWeb.Application.Core", "ProtoWeb.Application.Core\ProtoWeb.Application.Core.csproj", "{91F31BBB-2E49-4FB2-AB76-3C28D47AFD06}"
EndProject
Project("{9A19103F-16F7-4668-BE54-9A1E7A4F7556}") = "ProtoWeb.Application.MainContext", "ProtoWeb.Application.MainContext\ProtoWeb.Application.MainContext.csproj", "{42F6275C-D6EA-465E-A267-22B76D40EB87}"
EndProject
Project("{9A19103F-16F7-4668-BE54-9A1E7A4F7556}") = "ProtoWeb.Service.Rest.Dto", "ProtoWeb.Service.Rest.Dto\ProtoWeb.Service.Rest.Dto.csproj", "{9F3B4571-5CE5-45BE-8340-F6F79ED14237}"
EndProject
Project("{9A19103F-16F7-4668-BE54-9A1E7A4F7556}") = "ProtoWeb.Service.Rest.Gateway", "ProtoWeb.Service.Rest.Gateway\ProtoWeb.Service.Rest.Gateway.csproj", "{CEA6F89B-48EE-4C76-9A55-AC30985D294F}"
EndProject
Project("{9A19103F-16F7-4668-BE54-9A1E7A4F7556}") = "ProtoWeb.Service.Rest.MainContext", "ProtoWeb.Service.Rest.MainContext\ProtoWeb.Service.Rest.MainContext.csproj", "{98A69D0D-AC2B-4E5F-BF8E-0B13DC3BE23B}"
EndProject
Global
	GlobalSection(SolutionConfigurationPlatforms) = preSolution
		Debug|Any CPU = Debug|Any CPU
		Release|Any CPU = Release|Any CPU
	EndGlobalSection
	GlobalSection(ProjectConfigurationPlatforms) = postSolution
		{4328C11E-758A-4A24-936A-E5D9C76FF80C}.Debug|Any CPU.ActiveCfg = Debug|Any CPU
		{4328C11E-758A-4A24-936A-E5D9C76FF80C}.Debug|Any CPU.Build.0 = Debug|Any CPU
		{4328C11E-758A-4A24-936A-E5D9C76FF80C}.Release|Any CPU.ActiveCfg = Release|Any CPU
		{4328C11E-758A-4A24-936A-E5D9C76FF80C}.Release|Any CPU.Build.0 = Release|Any CPU
		{7D87EFF9-2001-4E66-B04C-B183E82DBEA5}.Debug|Any CPU.ActiveCfg = Debug|Any CPU
		{7D87EFF9-2001-4E66-B04C-B183E82DBEA5}.Debug|Any CPU.Build.0 = Debug|Any CPU
		{7D87EFF9-2001-4E66-B04C-B183E82DBEA5}.Release|Any CPU.ActiveCfg = Release|Any CPU
		{7D87EFF9-2001-4E66-B04C-B183E82DBEA5}.Release|Any CPU.Build.0 = Release|Any CPU
		{DD384F3D-9CF7-49FF-8159-D4BAE479C4B7}.Debug|Any CPU.ActiveCfg = Debug|Any CPU
		{DD384F3D-9CF7-49FF-8159-D4BAE479C4B7}.Debug|Any CPU.Build.0 = Debug|Any CPU
		{DD384F3D-9CF7-49FF-8159-D4BAE479C4B7}.Release|Any CPU.ActiveCfg = Release|Any CPU
		{DD384F3D-9CF7-49FF-8159-D4BAE479C4B7}.Release|Any CPU.Build.0 = Release|Any CPU
		{A163D3F3-F2E8-409F-9461-712F72F278B2}.Debug|Any CPU.ActiveCfg = Debug|Any CPU
		{A163D3F3-F2E8-409F-9461-712F72F278B2}.Debug|Any CPU.Build.0 = Debug|Any CPU
		{A163D3F3-F2E8-409F-9461-712F72F278B2}.Release|Any CPU.ActiveCfg = Release|Any CPU
		{A163D3F3-F2E8-409F-9461-712F72F278B2}.Release|Any CPU.Build.0 = Release|Any CPU
		{67B59189-34E0-4F63-9100-30009FAE7570}.Debug|Any CPU.ActiveCfg = Debug|Any CPU
		{67B59189-34E0-4F63-9100-30009FAE7570}.Debug|Any CPU.Build.0 = Debug|Any CPU
		{67B59189-34E0-4F63-9100-30009FAE7570}.Release|Any CPU.ActiveCfg = Release|Any CPU
		{67B59189-34E0-4F63-9100-30009FAE7570}.Release|Any CPU.Build.0 = Release|Any CPU
		{CE8BD161-D4D0-4179-9BCA-441DCF4CF2B2}.Debug|Any CPU.ActiveCfg = Debug|Any CPU
		{CE8BD161-D4D0-4179-9BCA-441DCF4CF2B2}.Debug|Any CPU.Build.0 = Debug|Any CPU
		{CE8BD161-D4D0-4179-9BCA-441DCF4CF2B2}.Release|Any CPU.ActiveCfg = Release|Any CPU
		{CE8BD161-D4D0-4179-9BCA-441DCF4CF2B2}.Release|Any CPU.Build.0 = Release|Any CPU
		{CC750B46-E67E-494D-B279-79464264D8BD}.Debug|Any CPU.ActiveCfg = Debug|Any CPU
		{CC750B46-E67E-494D-B279-79464264D8BD}.Debug|Any CPU.Build.0 = Debug|Any CPU
		{CC750B46-E67E-494D-B279-79464264D8BD}.Release|Any CPU.ActiveCfg = Release|Any CPU
		{CC750B46-E67E-494D-B279-79464264D8BD}.Release|Any CPU.Build.0 = Release|Any CPU
		{91F31BBB-2E49-4FB2-AB76-3C28D47AFD06}.Debug|Any CPU.ActiveCfg = Debug|Any CPU
		{91F31BBB-2E49-4FB2-AB76-3C28D47AFD06}.Debug|Any CPU.Build.0 = Debug|Any CPU
		{91F31BBB-2E49-4FB2-AB76-3C28D47AFD06}.Release|Any CPU.ActiveCfg = Release|Any CPU
		{91F31BBB-2E49-4FB2-AB76-3C28D47AFD06}.Release|Any CPU.Build.0 = Release|Any CPU
		{42F6275C-D6EA-465E-A267-22B76D40EB87}.Debug|Any CPU.ActiveCfg = Debug|Any CPU
		{42F6275C-D6EA-465E-A267-22B76D40EB87}.Debug|Any CPU.Build.0 = Debug|Any CPU
		{42F6275C-D6EA-465E-A267-22B76D40EB87}.Release|Any CPU.ActiveCfg = Release|Any CPU
		{42F6275C-D6EA-465E-A267-22B76D40EB87}.Release|Any CPU.Build.0 = Release|Any CPU
		{9F3B4571-5CE5-45BE-8340-F6F79ED14237}.Debug|Any CPU.ActiveCfg = Debug|Any CPU
		{9F3B4571-5CE5-45BE-8340-F6F79ED14237}.Debug|Any CPU.Build.0 = Debug|Any CPU
		{9F3B4571-5CE5-45BE-8340-F6F79ED14237}.Release|Any CPU.ActiveCfg = Release|Any CPU
		{9F3B4571-5CE5-45BE-8340-F6F79ED14237}.Release|Any CPU.Build.0 = Release|Any CPU
		{CEA6F89B-48EE-4C76-9A55-AC30985D294F}.Debug|Any CPU.ActiveCfg = Debug|Any CPU
		{CEA6F89B-48EE-4C76-9A55-AC30985D294F}.Debug|Any CPU.Build.0 = Debug|Any CPU
		{CEA6F89B-48EE-4C76-9A55-AC30985D294F}.Release|Any CPU.ActiveCfg = Release|Any CPU
		{CEA6F89B-48EE-4C76-9A55-AC30985D294F}.Release|Any CPU.Build.0 = Release|Any CPU
		{98A69D0D-AC2B-4E5F-BF8E-0B13DC3BE23B}.Debug|Any CPU.ActiveCfg = Debug|Any CPU
		{98A69D0D-AC2B-4E5F-BF8E-0B13DC3BE23B}.Debug|Any CPU.Build.0 = Debug|Any CPU
		{98A69D0D-AC2B-4E5F-BF8E-0B13DC3BE23B}.Release|Any CPU.ActiveCfg = Release|Any CPU
		{98A69D0D-AC2B-4E5F-BF8E-0B13DC3BE23B}.Release|Any CPU.Build.0 = Release|Any CPU
	EndGlobalSection
	GlobalSection(SolutionProperties) = preSolution
		HideSolutionNode = FALSE
	EndGlobalSection
	GlobalSection(NestedProjects) = preSolution
		{F22012FA-63CC-424D-943C-B38402C5CB17} = {18D5E311-D696-46FD-A493-1568531AF32A}
		{4328C11E-758A-4A24-936A-E5D9C76FF80C} = {F22012FA-63CC-424D-943C-B38402C5CB17}
		{7D87EFF9-2001-4E66-B04C-B183E82DBEA5} = {F22012FA-63CC-424D-943C-B38402C5CB17}
		{66FA7028-789F-4E27-B9AB-037225520954} = {18D5E311-D696-46FD-A493-1568531AF32A}
		{DD384F3D-9CF7-49FF-8159-D4BAE479C4B7} = {66FA7028-789F-4E27-B9AB-037225520954}
		{A163D3F3-F2E8-409F-9461-712F72F278B2} = {66FA7028-789F-4E27-B9AB-037225520954}
		{67B59189-34E0-4F63-9100-30009FAE7570} = {66FA7028-789F-4E27-B9AB-037225520954}
		{CE8BD161-D4D0-4179-9BCA-441DCF4CF2B2} = {1489BC80-7725-4C9F-82E1-F925A7C47C02}
		{CC750B46-E67E-494D-B279-79464264D8BD} = {1489BC80-7725-4C9F-82E1-F925A7C47C02}
		{91F31BBB-2E49-4FB2-AB76-3C28D47AFD06} = {0631494D-D5A9-4BC8-87D6-CEE688D5FAB1}
		{42F6275C-D6EA-465E-A267-22B76D40EB87} = {0631494D-D5A9-4BC8-87D6-CEE688D5FAB1}
		{9F3B4571-5CE5-45BE-8340-F6F79ED14237} = {7F5A353C-CC84-4518-AAA9-AF9C8D85772C}
		{CEA6F89B-48EE-4C76-9A55-AC30985D294F} = {7F5A353C-CC84-4518-AAA9-AF9C8D85772C}
		{98A69D0D-AC2B-4E5F-BF8E-0B13DC3BE23B} = {7F5A353C-CC84-4518-AAA9-AF9C8D85772C}
	EndGlobalSection
	GlobalSection(ExtensibilityGlobals) = postSolution
		SolutionGuid = {1314001E-3249-4727-A9BC-EC8F72508611}
	EndGlobalSection
EndGlobal
